// !$*UTF8*$!
{
	archiveVersion = 1;
	classes = {
	};
	objectVersion = 50;
	objects = {

/* Begin PBXBuildFile section */
		BD28CC4D25DD8C4F001E3B85 /* AppDelegate.swift in Sources */ = {isa = PBXBuildFile; fileRef = BD28CC4C25DD8C4F001E3B85 /* AppDelegate.swift */; };
		BD28CC4F25DD8C4F001E3B85 /* SceneDelegate.swift in Sources */ = {isa = PBXBuildFile; fileRef = BD28CC4E25DD8C4F001E3B85 /* SceneDelegate.swift */; };
		BD28CC5125DD8C4F001E3B85 /* ViewController.swift in Sources */ = {isa = PBXBuildFile; fileRef = BD28CC5025DD8C4F001E3B85 /* ViewController.swift */; };
		BD28CC5425DD8C4F001E3B85 /* Main.storyboard in Resources */ = {isa = PBXBuildFile; fileRef = BD28CC5225DD8C4F001E3B85 /* Main.storyboard */; };
		BD28CC5625DD8C50001E3B85 /* Assets.xcassets in Resources */ = {isa = PBXBuildFile; fileRef = BD28CC5525DD8C50001E3B85 /* Assets.xcassets */; };
		BD28CC5925DD8C50001E3B85 /* LaunchScreen.storyboard in Resources */ = {isa = PBXBuildFile; fileRef = BD28CC5725DD8C50001E3B85 /* LaunchScreen.storyboard */; };
		BD28CC6425DD8C51001E3B85 /* FlixTests.swift in Sources */ = {isa = PBXBuildFile; fileRef = BD28CC6325DD8C51001E3B85 /* FlixTests.swift */; };
		BD28CC6F25DD8C51001E3B85 /* FlixUITests.swift in Sources */ = {isa = PBXBuildFile; fileRef = BD28CC6E25DD8C51001E3B85 /* FlixUITests.swift */; };
/* End PBXBuildFile section */

/* Begin PBXContainerItemProxy section */
		BD28CC6025DD8C51001E3B85 /* PBXContainerItemProxy */ = {
			isa = PBXContainerItemProxy;
			containerPortal = BD28CC4125DD8C4F001E3B85 /* Project object */;
			proxyType = 1;
			remoteGlobalIDString = BD28CC4825DD8C4F001E3B85;
			remoteInfo = Flix;
		};
		BD28CC6B25DD8C51001E3B85 /* PBXContainerItemProxy */ = {
			isa = PBXContainerItemProxy;
			containerPortal = BD28CC4125DD8C4F001E3B85 /* Project object */;
			proxyType = 1;
			remoteGlobalIDString = BD28CC4825DD8C4F001E3B85;
			remoteInfo = Flix;
		};
/* End PBXContainerItemProxy section */

/* Begin PBXFileReference section */
		BD28CC4925DD8C4F001E3B85 /* Flix.app */ = {isa = PBXFileReference; explicitFileType = wrapper.application; includeInIndex = 0; path = Flix.app; sourceTree = BUILT_PRODUCTS_DIR; };
		BD28CC4C25DD8C4F001E3B85 /* AppDelegate.swift */ = {isa = PBXFileReference; lastKnownFileType = sourcecode.swift; path = AppDelegate.swift; sourceTree = "<group>"; };
		BD28CC4E25DD8C4F001E3B85 /* SceneDelegate.swift */ = {isa = PBXFileReference; lastKnownFileType = sourcecode.swift; path = SceneDelegate.swift; sourceTree = "<group>"; };
		BD28CC5025DD8C4F001E3B85 /* ViewController.swift */ = {isa = PBXFileReference; lastKnownFileType = sourcecode.swift; path = ViewController.swift; sourceTree = "<group>"; };
		BD28CC5325DD8C4F001E3B85 /* Base */ = {isa = PBXFileReference; lastKnownFileType = file.storyboard; name = Base; path = Base.lproj/Main.storyboard; sourceTree = "<group>"; };
		BD28CC5525DD8C50001E3B85 /* Assets.xcassets */ = {isa = PBXFileReference; lastKnownFileType = folder.assetcatalog; path = Assets.xcassets; sourceTree = "<group>"; };
		BD28CC5825DD8C50001E3B85 /* Base */ = {isa = PBXFileReference; lastKnownFileType = file.storyboard; name = Base; path = Base.lproj/LaunchScreen.storyboard; sourceTree = "<group>"; };
		BD28CC5A25DD8C50001E3B85 /* Info.plist */ = {isa = PBXFileReference; lastKnownFileType = text.plist.xml; path = Info.plist; sourceTree = "<group>"; };
		BD28CC5F25DD8C51001E3B85 /* FlixTests.xctest */ = {isa = PBXFileReference; explicitFileType = wrapper.cfbundle; includeInIndex = 0; path = FlixTests.xctest; sourceTree = BUILT_PRODUCTS_DIR; };
		BD28CC6325DD8C51001E3B85 /* FlixTests.swift */ = {isa = PBXFileReference; lastKnownFileType = sourcecode.swift; path = FlixTests.swift; sourceTree = "<group>"; };
		BD28CC6525DD8C51001E3B85 /* Info.plist */ = {isa = PBXFileReference; lastKnownFileType = text.plist.xml; path = Info.plist; sourceTree = "<group>"; };
		BD28CC6A25DD8C51001E3B85 /* FlixUITests.xctest */ = {isa = PBXFileReference; explicitFileType = wrapper.cfbundle; includeInIndex = 0; path = FlixUITests.xctest; sourceTree = BUILT_PRODUCTS_DIR; };
		BD28CC6E25DD8C51001E3B85 /* FlixUITests.swift */ = {isa = PBXFileReference; lastKnownFileType = sourcecode.swift; path = FlixUITests.swift; sourceTree = "<group>"; };
		BD28CC7025DD8C51001E3B85 /* Info.plist */ = {isa = PBXFileReference; lastKnownFileType = text.plist.xml; path = Info.plist; sourceTree = "<group>"; };
/* End PBXFileReference section */

/* Begin PBXFrameworksBuildPhase section */
		BD28CC4625DD8C4F001E3B85 /* Frameworks */ = {
			isa = PBXFrameworksBuildPhase;
			buildActionMask = 2147483647;
			files = (
			);
			runOnlyForDeploymentPostprocessing = 0;
		};
		BD28CC5C25DD8C51001E3B85 /* Frameworks */ = {
			isa = PBXFrameworksBuildPhase;
			buildActionMask = 2147483647;
			files = (
			);
			runOnlyForDeploymentPostprocessing = 0;
		};
		BD28CC6725DD8C51001E3B85 /* Frameworks */ = {
			isa = PBXFrameworksBuildPhase;
			buildActionMask = 2147483647;
			files = (
			);
			runOnlyForDeploymentPostprocessing = 0;
		};
/* End PBXFrameworksBuildPhase section */

/* Begin PBXGroup section */
		BD28CC4025DD8C4F001E3B85 = {
			isa = PBXGroup;
			children = (
				BD28CC4B25DD8C4F001E3B85 /* Flix */,
				BD28CC6225DD8C51001E3B85 /* FlixTests */,
				BD28CC6D25DD8C51001E3B85 /* FlixUITests */,
				BD28CC4A25DD8C4F001E3B85 /* Products */,
			);
			sourceTree = "<group>";
		};
		BD28CC4A25DD8C4F001E3B85 /* Products */ = {
			isa = PBXGroup;
			children = (
				BD28CC4925DD8C4F001E3B85 /* Flix.app */,
				BD28CC5F25DD8C51001E3B85 /* FlixTests.xctest */,
				BD28CC6A25DD8C51001E3B85 /* FlixUITests.xctest */,
			);
			name = Products;
			sourceTree = "<group>";
		};
		BD28CC4B25DD8C4F001E3B85 /* Flix */ = {
			isa = PBXGroup;
			children = (
				BD28CC4C25DD8C4F001E3B85 /* AppDelegate.swift */,
				BD28CC4E25DD8C4F001E3B85 /* SceneDelegate.swift */,
				BD28CC5025DD8C4F001E3B85 /* ViewController.swift */,
				BD28CC5225DD8C4F001E3B85 /* Main.storyboard */,
				BD28CC5525DD8C50001E3B85 /* Assets.xcassets */,
				BD28CC5725DD8C50001E3B85 /* LaunchScreen.storyboard */,
				BD28CC5A25DD8C50001E3B85 /* Info.plist */,
			);
			path = Flix;
			sourceTree = "<group>";
		};
		BD28CC6225DD8C51001E3B85 /* FlixTests */ = {
			isa = PBXGroup;
			children = (
				BD28CC6325DD8C51001E3B85 /* FlixTests.swift */,
				BD28CC6525DD8C51001E3B85 /* Info.plist */,
			);
			path = FlixTests;
			sourceTree = "<group>";
		};
		BD28CC6D25DD8C51001E3B85 /* FlixUITests */ = {
			isa = PBXGroup;
			children = (
				BD28CC6E25DD8C51001E3B85 /* FlixUITests.swift */,
				BD28CC7025DD8C51001E3B85 /* Info.plist */,
			);
			path = FlixUITests;
			sourceTree = "<group>";
		};
/* End PBXGroup section */

/* Begin PBXNativeTarget section */
		BD28CC4825DD8C4F001E3B85 /* Flix */ = {
			isa = PBXNativeTarget;
			buildConfigurationList = BD28CC7325DD8C51001E3B85 /* Build configuration list for PBXNativeTarget "Flix" */;
			buildPhases = (
				BD28CC4525DD8C4F001E3B85 /* Sources */,
				BD28CC4625DD8C4F001E3B85 /* Frameworks */,
				BD28CC4725DD8C4F001E3B85 /* Resources */,
			);
			buildRules = (
			);
			dependencies = (
			);
			name = Flix;
			productName = Flix;
			productReference = BD28CC4925DD8C4F001E3B85 /* Flix.app */;
			productType = "com.apple.product-type.application";
		};
		BD28CC5E25DD8C51001E3B85 /* FlixTests */ = {
			isa = PBXNativeTarget;
			buildConfigurationList = BD28CC7625DD8C51001E3B85 /* Build configuration list for PBXNativeTarget "FlixTests" */;
			buildPhases = (
				BD28CC5B25DD8C51001E3B85 /* Sources */,
				BD28CC5C25DD8C51001E3B85 /* Frameworks */,
				BD28CC5D25DD8C51001E3B85 /* Resources */,
			);
			buildRules = (
			);
			dependencies = (
				BD28CC6125DD8C51001E3B85 /* PBXTargetDependency */,
			);
			name = FlixTests;
			productName = FlixTests;
			productReference = BD28CC5F25DD8C51001E3B85 /* FlixTests.xctest */;
			productType = "com.apple.product-type.bundle.unit-test";
		};
		BD28CC6925DD8C51001E3B85 /* FlixUITests */ = {
			isa = PBXNativeTarget;
			buildConfigurationList = BD28CC7925DD8C51001E3B85 /* Build configuration list for PBXNativeTarget "FlixUITests" */;
			buildPhases = (
				BD28CC6625DD8C51001E3B85 /* Sources */,
				BD28CC6725DD8C51001E3B85 /* Frameworks */,
				BD28CC6825DD8C51001E3B85 /* Resources */,
			);
			buildRules = (
			);
			dependencies = (
				BD28CC6C25DD8C51001E3B85 /* PBXTargetDependency */,
			);
			name = FlixUITests;
			productName = FlixUITests;
			productReference = BD28CC6A25DD8C51001E3B85 /* FlixUITests.xctest */;
			productType = "com.apple.product-type.bundle.ui-testing";
		};
/* End PBXNativeTarget section */

/* Begin PBXProject section */
		BD28CC4125DD8C4F001E3B85 /* Project object */ = {
			isa = PBXProject;
			attributes = {
				LastSwiftUpdateCheck = 1240;
				LastUpgradeCheck = 1240;
				TargetAttributes = {
					BD28CC4825DD8C4F001E3B85 = {
						CreatedOnToolsVersion = 12.4;
					};
					BD28CC5E25DD8C51001E3B85 = {
						CreatedOnToolsVersion = 12.4;
						TestTargetID = BD28CC4825DD8C4F001E3B85;
					};
					BD28CC6925DD8C51001E3B85 = {
						CreatedOnToolsVersion = 12.4;
						TestTargetID = BD28CC4825DD8C4F001E3B85;
					};
				};
			};
			buildConfigurationList = BD28CC4425DD8C4F001E3B85 /* Build configuration list for PBXProject "Flix" */;
			compatibilityVersion = "Xcode 9.3";
			developmentRegion = en;
			hasScannedForEncodings = 0;
			knownRegions = (
				en,
				Base,
			);
			mainGroup = BD28CC4025DD8C4F001E3B85;
			productRefGroup = BD28CC4A25DD8C4F001E3B85 /* Products */;
			projectDirPath = "";
			projectRoot = "";
			targets = (
				BD28CC4825DD8C4F001E3B85 /* Flix */,
				BD28CC5E25DD8C51001E3B85 /* FlixTests */,
				BD28CC6925DD8C51001E3B85 /* FlixUITests */,
			);
		};
/* End PBXProject section */

/* Begin PBXResourcesBuildPhase section */
		BD28CC4725DD8C4F001E3B85 /* Resources */ = {
			isa = PBXResourcesBuildPhase;
			buildActionMask = 2147483647;
			files = (
				BD28CC5925DD8C50001E3B85 /* LaunchScreen.storyboard in Resources */,
				BD28CC5625DD8C50001E3B85 /* Assets.xcassets in Resources */,
				BD28CC5425DD8C4F001E3B85 /* Main.storyboard in Resources */,
			);
			runOnlyForDeploymentPostprocessing = 0;
		};
		BD28CC5D25DD8C51001E3B85 /* Resources */ = {
			isa = PBXResourcesBuildPhase;
			buildActionMask = 2147483647;
			files = (
			);
			runOnlyForDeploymentPostprocessing = 0;
		};
		BD28CC6825DD8C51001E3B85 /* Resources */ = {
			isa = PBXResourcesBuildPhase;
			buildActionMask = 2147483647;
			files = (
			);
			runOnlyForDeploymentPostprocessing = 0;
		};
/* End PBXResourcesBuildPhase section */

/* Begin PBXSourcesBuildPhase section */
		BD28CC4525DD8C4F001E3B85 /* Sources */ = {
			isa = PBXSourcesBuildPhase;
			buildActionMask = 2147483647;
			files = (
				BD28CC5125DD8C4F001E3B85 /* ViewController.swift in Sources */,
				BD28CC4D25DD8C4F001E3B85 /* AppDelegate.swift in Sources */,
				BD28CC4F25DD8C4F001E3B85 /* SceneDelegate.swift in Sources */,
			);
			runOnlyForDeploymentPostprocessing = 0;
		};
		BD28CC5B25DD8C51001E3B85 /* Sources */ = {
			isa = PBXSourcesBuildPhase;
			buildActionMask = 2147483647;
			files = (
				BD28CC6425DD8C51001E3B85 /* FlixTests.swift in Sources */,
			);
			runOnlyForDeploymentPostprocessing = 0;
		};
		BD28CC6625DD8C51001E3B85 /* Sources */ = {
			isa = PBXSourcesBuildPhase;
			buildActionMask = 2147483647;
			files = (
				BD28CC6F25DD8C51001E3B85 /* FlixUITests.swift in Sources */,
			);
			runOnlyForDeploymentPostprocessing = 0;
		};
/* End PBXSourcesBuildPhase section */

/* Begin PBXTargetDependency section */
		BD28CC6125DD8C51001E3B85 /* PBXTargetDependency */ = {
			isa = PBXTargetDependency;
			target = BD28CC4825DD8C4F001E3B85 /* Flix */;
			targetProxy = BD28CC6025DD8C51001E3B85 /* PBXContainerItemProxy */;
		};
		BD28CC6C25DD8C51001E3B85 /* PBXTargetDependency */ = {
			isa = PBXTargetDependency;
			target = BD28CC4825DD8C4F001E3B85 /* Flix */;
			targetProxy = BD28CC6B25DD8C51001E3B85 /* PBXContainerItemProxy */;
		};
/* End PBXTargetDependency section */

/* Begin PBXVariantGroup section */
		BD28CC5225DD8C4F001E3B85 /* Main.storyboard */ = {
			isa = PBXVariantGroup;
			children = (
				BD28CC5325DD8C4F001E3B85 /* Base */,
			);
			name = Main.storyboard;
			sourceTree = "<group>";
		};
		BD28CC5725DD8C50001E3B85 /* LaunchScreen.storyboard */ = {
			isa = PBXVariantGroup;
			children = (
				BD28CC5825DD8C50001E3B85 /* Base */,
			);
			name = LaunchScreen.storyboard;
			sourceTree = "<group>";
		};
/* End PBXVariantGroup section */

/* Begin XCBuildConfiguration section */
		BD28CC7125DD8C51001E3B85 /* Debug */ = {
			isa = XCBuildConfiguration;
			buildSettings = {
				ALWAYS_SEARCH_USER_PATHS = NO;
				CLANG_ANALYZER_NONNULL = YES;
				CLANG_ANALYZER_NUMBER_OBJECT_CONVERSION = YES_AGGRESSIVE;
				CLANG_CXX_LANGUAGE_STANDARD = "gnu++14";
				CLANG_CXX_LIBRARY = "libc++";
				CLANG_ENABLE_MODULES = YES;
				CLANG_ENABLE_OBJC_ARC = YES;
				CLANG_ENABLE_OBJC_WEAK = YES;
				CLANG_WARN_BLOCK_CAPTURE_AUTORELEASING = YES;
				CLANG_WARN_BOOL_CONVERSION = YES;
				CLANG_WARN_COMMA = YES;
				CLANG_WARN_CONSTANT_CONVERSION = YES;
				CLANG_WARN_DEPRECATED_OBJC_IMPLEMENTATIONS = YES;
				CLANG_WARN_DIRECT_OBJC_ISA_USAGE = YES_ERROR;
				CLANG_WARN_DOCUMENTATION_COMMENTS = YES;
				CLANG_WARN_EMPTY_BODY = YES;
				CLANG_WARN_ENUM_CONVERSION = YES;
				CLANG_WARN_INFINITE_RECURSION = YES;
				CLANG_WARN_INT_CONVERSION = YES;
				CLANG_WARN_NON_LITERAL_NULL_CONVERSION = YES;
				CLANG_WARN_OBJC_IMPLICIT_RETAIN_SELF = YES;
				CLANG_WARN_OBJC_LITERAL_CONVERSION = YES;
				CLANG_WARN_OBJC_ROOT_CLASS = YES_ERROR;
				CLANG_WARN_QUOTED_INCLUDE_IN_FRAMEWORK_HEADER = YES;
				CLANG_WARN_RANGE_LOOP_ANALYSIS = YES;
				CLANG_WARN_STRICT_PROTOTYPES = YES;
				CLANG_WARN_SUSPICIOUS_MOVE = YES;
				CLANG_WARN_UNGUARDED_AVAILABILITY = YES_AGGRESSIVE;
				CLANG_WARN_UNREACHABLE_CODE = YES;
				CLANG_WARN__DUPLICATE_METHOD_MATCH = YES;
				COPY_PHASE_STRIP = NO;
				DEBUG_INFORMATION_FORMAT = dwarf;
				ENABLE_STRICT_OBJC_MSGSEND = YES;
				ENABLE_TESTABILITY = YES;
				GCC_C_LANGUAGE_STANDARD = gnu11;
				GCC_DYNAMIC_NO_PIC = NO;
				GCC_NO_COMMON_BLOCKS = YES;
				GCC_OPTIMIZATION_LEVEL = 0;
				GCC_PREPROCESSOR_DEFINITIONS = (
					"DEBUG=1",
					"$(inherited)",
				);
				GCC_WARN_64_TO_32_BIT_CONVERSION = YES;
				GCC_WARN_ABOUT_RETURN_TYPE = YES_ERROR;
				GCC_WARN_UNDECLARED_SELECTOR = YES;
				GCC_WARN_UNINITIALIZED_AUTOS = YES_AGGRESSIVE;
				GCC_WARN_UNUSED_FUNCTION = YES;
				GCC_WARN_UNUSED_VARIABLE = YES;
				IPHONEOS_DEPLOYMENT_TARGET = 14.4;
				MTL_ENABLE_DEBUG_INFO = INCLUDE_SOURCE;
				MTL_FAST_MATH = YES;
				ONLY_ACTIVE_ARCH = YES;
				SDKROOT = iphoneos;
				SWIFT_ACTIVE_COMPILATION_CONDITIONS = DEBUG;
				SWIFT_OPTIMIZATION_LEVEL = "-Onone";
			};
			name = Debug;
		};
		BD28CC7225DD8C51001E3B85 /* Release */ = {
			isa = XCBuildConfiguration;
			buildSettings = {
				ALWAYS_SEARCH_USER_PATHS = NO;
				CLANG_ANALYZER_NONNULL = YES;
				CLANG_ANALYZER_NUMBER_OBJECT_CONVERSION = YES_AGGRESSIVE;
				CLANG_CXX_LANGUAGE_STANDARD = "gnu++14";
				CLANG_CXX_LIBRARY = "libc++";
				CLANG_ENABLE_MODULES = YES;
				CLANG_ENABLE_OBJC_ARC = YES;
				CLANG_ENABLE_OBJC_WEAK = YES;
				CLANG_WARN_BLOCK_CAPTURE_AUTORELEASING = YES;
				CLANG_WARN_BOOL_CONVERSION = YES;
				CLANG_WARN_COMMA = YES;
				CLANG_WARN_CONSTANT_CONVERSION = YES;
				CLANG_WARN_DEPRECATED_OBJC_IMPLEMENTATIONS = YES;
				CLANG_WARN_DIRECT_OBJC_ISA_USAGE = YES_ERROR;
				CLANG_WARN_DOCUMENTATION_COMMENTS = YES;
				CLANG_WARN_EMPTY_BODY = YES;
				CLANG_WARN_ENUM_CONVERSION = YES;
				CLANG_WARN_INFINITE_RECURSION = YES;
				CLANG_WARN_INT_CONVERSION = YES;
				CLANG_WARN_NON_LITERAL_NULL_CONVERSION = YES;
				CLANG_WARN_OBJC_IMPLICIT_RETAIN_SELF = YES;
				CLANG_WARN_OBJC_LITERAL_CONVERSION = YES;
				CLANG_WARN_OBJC_ROOT_CLASS = YES_ERROR;
				CLANG_WARN_QUOTED_INCLUDE_IN_FRAMEWORK_HEADER = YES;
				CLANG_WARN_RANGE_LOOP_ANALYSIS = YES;
				CLANG_WARN_STRICT_PROTOTYPES = YES;
				CLANG_WARN_SUSPICIOUS_MOVE = YES;
				CLANG_WARN_UNGUARDED_AVAILABILITY = YES_AGGRESSIVE;
				CLANG_WARN_UNREACHABLE_CODE = YES;
				CLANG_WARN__DUPLICATE_METHOD_MATCH = YES;
				COPY_PHASE_STRIP = NO;
				DEBUG_INFORMATION_FORMAT = "dwarf-with-dsym";
				ENABLE_NS_ASSERTIONS = NO;
				ENABLE_STRICT_OBJC_MSGSEND = YES;
				GCC_C_LANGUAGE_STANDARD = gnu11;
				GCC_NO_COMMON_BLOCKS = YES;
				GCC_WARN_64_TO_32_BIT_CONVERSION = YES;
				GCC_WARN_ABOUT_RETURN_TYPE = YES_ERROR;
				GCC_WARN_UNDECLARED_SELECTOR = YES;
				GCC_WARN_UNINITIALIZED_AUTOS = YES_AGGRESSIVE;
				GCC_WARN_UNUSED_FUNCTION = YES;
				GCC_WARN_UNUSED_VARIABLE = YES;
				IPHONEOS_DEPLOYMENT_TARGET = 14.4;
				MTL_ENABLE_DEBUG_INFO = NO;
				MTL_FAST_MATH = YES;
				SDKROOT = iphoneos;
				SWIFT_COMPILATION_MODE = wholemodule;
				SWIFT_OPTIMIZATION_LEVEL = "-O";
				VALIDATE_PRODUCT = YES;
			};
			name = Release;
		};
		BD28CC7425DD8C51001E3B85 /* Debug */ = {
			isa = XCBuildConfiguration;
			buildSettings = {
				ASSETCATALOG_COMPILER_APPICON_NAME = AppIcon;
				ASSETCATALOG_COMPILER_GLOBAL_ACCENT_COLOR_NAME = AccentColor;
				CODE_SIGN_STYLE = Automatic;
				DEVELOPMENT_TEAM = 9LA726623Q;
				INFOPLIST_FILE = Flix/Info.plist;
				LD_RUNPATH_SEARCH_PATHS = (
					"$(inherited)",
					"@executable_path/Frameworks",
				);
				PRODUCT_BUNDLE_IDENTIFIER = com.codepath.Flix;
				PRODUCT_NAME = "$(TARGET_NAME)";
				SWIFT_VERSION = 5.0;
				TARGETED_DEVICE_FAMILY = "1,2";
			};
			name = Debug;
		};
		BD28CC7525DD8C51001E3B85 /* Release */ = {
			isa = XCBuildConfiguration;
			buildSettings = {
				ASSETCATALOG_COMPILER_APPICON_NAME = AppIcon;
				ASSETCATALOG_COMPILER_GLOBAL_ACCENT_COLOR_NAME = AccentColor;
				CODE_SIGN_STYLE = Automatic;
				DEVELOPMENT_TEAM = 9LA726623Q;
				INFOPLIST_FILE = Flix/Info.plist;
				LD_RUNPATH_SEARCH_PATHS = (
					"$(inherited)",
					"@executable_path/Frameworks",
				);
				PRODUCT_BUNDLE_IDENTIFIER = com.codepath.Flix;
				PRODUCT_NAME = "$(TARGET_NAME)";
				SWIFT_VERSION = 5.0;
				TARGETED_DEVICE_FAMILY = "1,2";
			};
			name = Release;
		};
		BD28CC7725DD8C51001E3B85 /* Debug */ = {
			isa = XCBuildConfiguration;
			buildSettings = {
				ALWAYS_EMBED_SWIFT_STANDARD_LIBRARIES = YES;
				BUNDLE_LOADER = "$(TEST_HOST)";
				CODE_SIGN_STYLE = Automatic;
				DEVELOPMENT_TEAM = 9LA726623Q;
				INFOPLIST_FILE = FlixTests/Info.plist;
				IPHONEOS_DEPLOYMENT_TARGET = 14.4;
				LD_RUNPATH_SEARCH_PATHS = (
					"$(inherited)",
					"@executable_path/Frameworks",
					"@loader_path/Frameworks",
				);
				PRODUCT_BUNDLE_IDENTIFIER = com.codepath.FlixTests;
				PRODUCT_NAME = "$(TARGET_NAME)";
				SWIFT_VERSION = 5.0;
				TARGETED_DEVICE_FAMILY = "1,2";
				TEST_HOST = "$(BUILT_PRODUCTS_DIR)/Flix.app/Flix";
			};
			name = Debug;
		};
		BD28CC7825DD8C51001E3B85 /* Release */ = {
			isa = XCBuildConfiguration;
			buildSettings = {
				ALWAYS_EMBED_SWIFT_STANDARD_LIBRARIES = YES;
				BUNDLE_LOADER = "$(TEST_HOST)";
				CODE_SIGN_STYLE = Automatic;
				DEVELOPMENT_TEAM = 9LA726623Q;
				INFOPLIST_FILE = FlixTests/Info.plist;
				IPHONEOS_DEPLOYMENT_TARGET = 14.4;
				LD_RUNPATH_SEARCH_PATHS = (
					"$(inherited)",
					"@executable_path/Frameworks",
					"@loader_path/Frameworks",
				);
				PRODUCT_BUNDLE_IDENTIFIER = com.codepath.FlixTests;
				PRODUCT_NAME = "$(TARGET_NAME)";
				SWIFT_VERSION = 5.0;
				TARGETED_DEVICE_FAMILY = "1,2";
				TEST_HOST = "$(BUILT_PRODUCTS_DIR)/Flix.app/Flix";
			};
			name = Release;
		};
		BD28CC7A25DD8C51001E3B85 /* Debug */ = {
			isa = XCBuildConfiguration;
			buildSettings = {
				ALWAYS_EMBED_SWIFT_STANDARD_LIBRARIES = YES;
				CODE_SIGN_STYLE = Automatic;
				DEVELOPMENT_TEAM = 9LA726623Q;
				INFOPLIST_FILE = FlixUITests/Info.plist;
				LD_RUNPATH_SEARCH_PATHS = (
					"$(inherited)",
					"@executable_path/Frameworks",
					"@loader_path/Frameworks",
				);
				PRODUCT_BUNDLE_IDENTIFIER = com.codepath.FlixUITests;
				PRODUCT_NAME = "$(TARGET_NAME)";
				SWIFT_VERSION = 5.0;
				TARGETED_DEVICE_FAMILY = "1,2";
				TEST_TARGET_NAME = Flix;
			};
			name = Debug;
		};
		BD28CC7B25DD8C51001E3B85 /* Release */ = {
			isa = XCBuildConfiguration;
			buildSettings = {
				ALWAYS_EMBED_SWIFT_STANDARD_LIBRARIES = YES;
				CODE_SIGN_STYLE = Automatic;
				DEVELOPMENT_TEAM = 9LA726623Q;
				INFOPLIST_FILE = FlixUITests/Info.plist;
				LD_RUNPATH_SEARCH_PATHS = (
					"$(inherited)",
					"@executable_path/Frameworks",
					"@loader_path/Frameworks",
				);
				PRODUCT_BUNDLE_IDENTIFIER = com.codepath.FlixUITests;
				PRODUCT_NAME = "$(TARGET_NAME)";
				SWIFT_VERSION = 5.0;
				TARGETED_DEVICE_FAMILY = "1,2";
				TEST_TARGET_NAME = Flix;
			};
			name = Release;
		};
/* End XCBuildConfiguration section */

/* Begin XCConfigurationList section */
		BD28CC4425DD8C4F001E3B85 /* Build configuration list for PBXProject "Flix" */ = {
			isa = XCConfigurationList;
			buildConfigurations = (
				BD28CC7125DD8C51001E3B85 /* Debug */,
				BD28CC7225DD8C51001E3B85 /* Release */,
			);
			defaultConfigurationIsVisible = 0;
			defaultConfigurationName = Release;
		};
		BD28CC7325DD8C51001E3B85 /* Build configuration list for PBXNativeTarget "Flix" */ = {
			isa = XCConfigurationList;
			buildConfigurations = (
				BD28CC7425DD8C51001E3B85 /* Debug */,
				BD28CC7525DD8C51001E3B85 /* Release */,
			);
			defaultConfigurationIsVisible = 0;
			defaultConfigurationName = Release;
		};
		BD28CC7625DD8C51001E3B85 /* Build configuration list for PBXNativeTarget "FlixTests" */ = {
			isa = XCConfigurationList;
			buildConfigurations = (
				BD28CC7725DD8C51001E3B85 /* Debug */,
				BD28CC7825DD8C51001E3B85 /* Release */,
			);
			defaultConfigurationIsVisible = 0;
			defaultConfigurationName = Release;
		};
		BD28CC7925DD8C51001E3B85 /* Build configuration list for PBXNativeTarget "FlixUITests" */ = {
			isa = XCConfigurationList;
			buildConfigurations = (
				BD28CC7A25DD8C51001E3B85 /* Debug */,
				BD28CC7B25DD8C51001E3B85 /* Release */,
			);
			defaultConfigurationIsVisible = 0;
			defaultConfigurationName = Release;
		};
/* End XCConfigurationList section */
	};
	rootObject = BD28CC4125DD8C4F001E3B85 /* Project object */;
}
